// !$*UTF8*$!
{
	archiveVersion = 1;
	classes = {
	};
	objectVersion = 77;
	objects = {

/* Begin PBXBuildFile section */
		BD49245F2D9680D00094DC95 /* PhotosPickerView.swift in Sources */ = {isa = PBXBuildFile; fileRef = BD49245E2D9680D00094DC95 /* PhotosPickerView.swift */; };
		BD4924612D9683350094DC95 /* PhotoPickerWrapper.swift in Sources */ = {isa = PBXBuildFile; fileRef = BD4924602D9683350094DC95 /* PhotoPickerWrapper.swift */; };
		BD4924742D975B250094DC95 /* SelectedImagesViews.swift in Sources */ = {isa = PBXBuildFile; fileRef = BD4924732D975B250094DC95 /* SelectedImagesViews.swift */; };
		BD4924762D9797DB0094DC95 /* KeyboardPlaceholderViewController.swift in Sources */ = {isa = PBXBuildFile; fileRef = BD4924752D9797DB0094DC95 /* KeyboardPlaceholderViewController.swift */; };
		BDA7A9AE2D94C87F0079D24C /* ContentView.swift in Sources */ = {isa = PBXBuildFile; fileRef = BDA7A9AB2D94C87F0079D24C /* ContentView.swift */; };
		BDA7A9AF2D94C87F0079D24C /* DesignAssignmentForHatchApp.swift in Sources */ = {isa = PBXBuildFile; fileRef = BDA7A9AC2D94C87F0079D24C /* DesignAssignmentForHatchApp.swift */; };
		BDA7A9B02D94C87F0079D24C /* Preview Assets.xcassets in Resources */ = {isa = PBXBuildFile; fileRef = BDA7A9A82D94C87F0079D24C /* Preview Assets.xcassets */; };
		BDA7A9B12D94C87F0079D24C /* Assets.xcassets in Resources */ = {isa = PBXBuildFile; fileRef = BDA7A9AA2D94C87F0079D24C /* Assets.xcassets */; };
		BDA7A9B42D94C89F0079D24C /* TextInputView.swift in Sources */ = {isa = PBXBuildFile; fileRef = BDA7A9B32D94C89F0079D24C /* TextInputView.swift */; };
		BDA7A9B72D94EFA20079D24C /* WrappedUITextView.swift in Sources */ = {isa = PBXBuildFile; fileRef = BDA7A9B62D94EFA20079D24C /* WrappedUITextView.swift */; };
		BDA7A9FE2D9533EA0079D24C /* ViewModel.swift in Sources */ = {isa = PBXBuildFile; fileRef = BDA7A9FD2D9533EA0079D24C /* ViewModel.swift */; };
		BDA7AA382D9578650079D24C /* PhotoPicker.swift in Sources */ = {isa = PBXBuildFile; fileRef = BDA7AA372D9578650079D24C /* PhotoPicker.swift */; };
		BDA7AA3B2D958C010079D24C /* PhotoLibraryViewModel.swift in Sources */ = {isa = PBXBuildFile; fileRef = BDA7AA3A2D958C010079D24C /* PhotoLibraryViewModel.swift */; };
		BDA7AA3D2D958C1E0079D24C /* CustomPhotosPicker.swift in Sources */ = {isa = PBXBuildFile; fileRef = BDA7AA3C2D958C1E0079D24C /* CustomPhotosPicker.swift */; };
		BDA7AA3F2D958C400079D24C /* PhotoGridItem.swift in Sources */ = {isa = PBXBuildFile; fileRef = BDA7AA3E2D958C400079D24C /* PhotoGridItem.swift */; };
		BDA7AA532D9623F80079D24C /* UIApplication+Ext.swift in Sources */ = {isa = PBXBuildFile; fileRef = BDA7AA522D9623F80079D24C /* UIApplication+Ext.swift */; };
		BDA7AA552D9638220079D24C /* InputSheet.swift in Sources */ = {isa = PBXBuildFile; fileRef = BDA7AA542D9638220079D24C /* InputSheet.swift */; };
		BDA7AA8E2D9665D80079D24C /* KeyboardResponder.swift in Sources */ = {isa = PBXBuildFile; fileRef = BDA7AA8D2D9665D80079D24C /* KeyboardResponder.swift */; };
/* End PBXBuildFile section */

/* Begin PBXContainerItemProxy section */
		BDA7A98C2D949C3D0079D24C /* PBXContainerItemProxy */ = {
			isa = PBXContainerItemProxy;
			containerPortal = BDA7A9732D949C3B0079D24C /* Project object */;
			proxyType = 1;
			remoteGlobalIDString = BDA7A97A2D949C3B0079D24C;
			remoteInfo = DesignAssignmentForHatch;
		};
		BDA7A9962D949C3D0079D24C /* PBXContainerItemProxy */ = {
			isa = PBXContainerItemProxy;
			containerPortal = BDA7A9732D949C3B0079D24C /* Project object */;
			proxyType = 1;
			remoteGlobalIDString = BDA7A97A2D949C3B0079D24C;
			remoteInfo = DesignAssignmentForHatch;
		};
/* End PBXContainerItemProxy section */

/* Begin PBXFileReference section */
		BD49245E2D9680D00094DC95 /* PhotosPickerView.swift */ = {isa = PBXFileReference; lastKnownFileType = sourcecode.swift; path = PhotosPickerView.swift; sourceTree = "<group>"; };
		BD4924602D9683350094DC95 /* PhotoPickerWrapper.swift */ = {isa = PBXFileReference; lastKnownFileType = sourcecode.swift; path = PhotoPickerWrapper.swift; sourceTree = "<group>"; };
		BD4924732D975B250094DC95 /* SelectedImagesViews.swift */ = {isa = PBXFileReference; lastKnownFileType = sourcecode.swift; path = SelectedImagesViews.swift; sourceTree = "<group>"; };
		BD4924752D9797DB0094DC95 /* KeyboardPlaceholderViewController.swift */ = {isa = PBXFileReference; lastKnownFileType = sourcecode.swift; path = KeyboardPlaceholderViewController.swift; sourceTree = "<group>"; };
		BDA7A97B2D949C3B0079D24C /* DesignAssignmentForHatch.app */ = {isa = PBXFileReference; explicitFileType = wrapper.application; includeInIndex = 0; path = DesignAssignmentForHatch.app; sourceTree = BUILT_PRODUCTS_DIR; };
		BDA7A98B2D949C3D0079D24C /* DesignAssignmentForHatchTests.xctest */ = {isa = PBXFileReference; explicitFileType = wrapper.cfbundle; includeInIndex = 0; path = DesignAssignmentForHatchTests.xctest; sourceTree = BUILT_PRODUCTS_DIR; };
		BDA7A9952D949C3D0079D24C /* DesignAssignmentForHatchUITests.xctest */ = {isa = PBXFileReference; explicitFileType = wrapper.cfbundle; includeInIndex = 0; path = DesignAssignmentForHatchUITests.xctest; sourceTree = BUILT_PRODUCTS_DIR; };
		BDA7A9A82D94C87F0079D24C /* Preview Assets.xcassets */ = {isa = PBXFileReference; lastKnownFileType = folder.assetcatalog; path = "Preview Assets.xcassets"; sourceTree = "<group>"; };
		BDA7A9AA2D94C87F0079D24C /* Assets.xcassets */ = {isa = PBXFileReference; lastKnownFileType = folder.assetcatalog; path = Assets.xcassets; sourceTree = "<group>"; };
		BDA7A9AB2D94C87F0079D24C /* ContentView.swift */ = {isa = PBXFileReference; lastKnownFileType = sourcecode.swift; path = ContentView.swift; sourceTree = "<group>"; };
		BDA7A9AC2D94C87F0079D24C /* DesignAssignmentForHatchApp.swift */ = {isa = PBXFileReference; lastKnownFileType = sourcecode.swift; path = DesignAssignmentForHatchApp.swift; sourceTree = "<group>"; };
		BDA7A9B32D94C89F0079D24C /* TextInputView.swift */ = {isa = PBXFileReference; lastKnownFileType = sourcecode.swift; path = TextInputView.swift; sourceTree = "<group>"; };
		BDA7A9B62D94EFA20079D24C /* WrappedUITextView.swift */ = {isa = PBXFileReference; lastKnownFileType = sourcecode.swift; path = WrappedUITextView.swift; sourceTree = "<group>"; };
		BDA7A9FD2D9533EA0079D24C /* ViewModel.swift */ = {isa = PBXFileReference; lastKnownFileType = sourcecode.swift; path = ViewModel.swift; sourceTree = "<group>"; };
		BDA7AA372D9578650079D24C /* PhotoPicker.swift */ = {isa = PBXFileReference; lastKnownFileType = sourcecode.swift; path = PhotoPicker.swift; sourceTree = "<group>"; };
		BDA7AA3A2D958C010079D24C /* PhotoLibraryViewModel.swift */ = {isa = PBXFileReference; lastKnownFileType = sourcecode.swift; path = PhotoLibraryViewModel.swift; sourceTree = "<group>"; };
		BDA7AA3C2D958C1E0079D24C /* CustomPhotosPicker.swift */ = {isa = PBXFileReference; lastKnownFileType = sourcecode.swift; path = CustomPhotosPicker.swift; sourceTree = "<group>"; };
		BDA7AA3E2D958C400079D24C /* PhotoGridItem.swift */ = {isa = PBXFileReference; lastKnownFileType = sourcecode.swift; path = PhotoGridItem.swift; sourceTree = "<group>"; };
		BDA7AA522D9623F80079D24C /* UIApplication+Ext.swift */ = {isa = PBXFileReference; lastKnownFileType = sourcecode.swift; path = "UIApplication+Ext.swift"; sourceTree = "<group>"; };
		BDA7AA542D9638220079D24C /* InputSheet.swift */ = {isa = PBXFileReference; lastKnownFileType = sourcecode.swift; path = InputSheet.swift; sourceTree = "<group>"; };
		BDA7AA8D2D9665D80079D24C /* KeyboardResponder.swift */ = {isa = PBXFileReference; lastKnownFileType = sourcecode.swift; path = KeyboardResponder.swift; sourceTree = "<group>"; };
/* End PBXFileReference section */

/* Begin PBXFileSystemSynchronizedRootGroup section */
		BDA7A98E2D949C3D0079D24C /* DesignAssignmentForHatchTests */ = {
			isa = PBXFileSystemSynchronizedRootGroup;
			path = DesignAssignmentForHatchTests;
			sourceTree = "<group>";
		};
		BDA7A9982D949C3D0079D24C /* DesignAssignmentForHatchUITests */ = {
			isa = PBXFileSystemSynchronizedRootGroup;
			path = DesignAssignmentForHatchUITests;
			sourceTree = "<group>";
		};
/* End PBXFileSystemSynchronizedRootGroup section */

/* Begin PBXFrameworksBuildPhase section */
		BDA7A9782D949C3B0079D24C /* Frameworks */ = {
			isa = PBXFrameworksBuildPhase;
			buildActionMask = 2147483647;
			files = (
			);
			runOnlyForDeploymentPostprocessing = 0;
		};
		BDA7A9882D949C3D0079D24C /* Frameworks */ = {
			isa = PBXFrameworksBuildPhase;
			buildActionMask = 2147483647;
			files = (
			);
			runOnlyForDeploymentPostprocessing = 0;
		};
		BDA7A9922D949C3D0079D24C /* Frameworks */ = {
			isa = PBXFrameworksBuildPhase;
			buildActionMask = 2147483647;
			files = (
			);
			runOnlyForDeploymentPostprocessing = 0;
		};
/* End PBXFrameworksBuildPhase section */

/* Begin PBXGroup section */
		BDA7A9722D949C3B0079D24C = {
			isa = PBXGroup;
			children = (
				BDA7A9AD2D94C87F0079D24C /* DesignAssignmentForHatch */,
				BDA7A98E2D949C3D0079D24C /* DesignAssignmentForHatchTests */,
				BDA7A9982D949C3D0079D24C /* DesignAssignmentForHatchUITests */,
				BDA7A97C2D949C3B0079D24C /* Products */,
			);
			sourceTree = "<group>";
		};
		BDA7A97C2D949C3B0079D24C /* Products */ = {
			isa = PBXGroup;
			children = (
				BDA7A97B2D949C3B0079D24C /* DesignAssignmentForHatch.app */,
				BDA7A98B2D949C3D0079D24C /* DesignAssignmentForHatchTests.xctest */,
				BDA7A9952D949C3D0079D24C /* DesignAssignmentForHatchUITests.xctest */,
			);
			name = Products;
			sourceTree = "<group>";
		};
		BDA7A9A92D94C87F0079D24C /* Preview Content */ = {
			isa = PBXGroup;
			children = (
				BDA7A9A82D94C87F0079D24C /* Preview Assets.xcassets */,
			);
			path = "Preview Content";
			sourceTree = "<group>";
		};
		BDA7A9AD2D94C87F0079D24C /* DesignAssignmentForHatch */ = {
			isa = PBXGroup;
			children = (
				BDA7A9A92D94C87F0079D24C /* Preview Content */,
				BDA7A9AA2D94C87F0079D24C /* Assets.xcassets */,
				BDA7A9AB2D94C87F0079D24C /* ContentView.swift */,
				BDA7AA8C2D96657E0079D24C /* ViewModels */,
				BDA7AA512D9623D30079D24C /* Extensions */,
				BDA7A9AC2D94C87F0079D24C /* DesignAssignmentForHatchApp.swift */,
				BDA7A9B22D94C8850079D24C /* Views */,
			);
			path = DesignAssignmentForHatch;
			sourceTree = "<group>";
		};
		BDA7A9B22D94C8850079D24C /* Views */ = {
			isa = PBXGroup;
			children = (
				BDA7AA392D958A1D0079D24C /* PhotosPicker */,
				BDA7A9B52D94EF820079D24C /* UIKit */,
				BDA7A9B32D94C89F0079D24C /* TextInputView.swift */,
				BDA7A9FD2D9533EA0079D24C /* ViewModel.swift */,
				BDA7AA542D9638220079D24C /* InputSheet.swift */,
				BD4924732D975B250094DC95 /* SelectedImagesViews.swift */,
			);
			path = Views;
			sourceTree = "<group>";
		};
		BDA7A9B52D94EF820079D24C /* UIKit */ = {
			isa = PBXGroup;
			children = (
				BDA7A9B62D94EFA20079D24C /* WrappedUITextView.swift */,
				BDA7AA372D9578650079D24C /* PhotoPicker.swift */,
				BD4924752D9797DB0094DC95 /* KeyboardPlaceholderViewController.swift */,
			);
			path = UIKit;
			sourceTree = "<group>";
		};
		BDA7AA392D958A1D0079D24C /* PhotosPicker */ = {
			isa = PBXGroup;
			children = (
				BDA7AA3A2D958C010079D24C /* PhotoLibraryViewModel.swift */,
				BDA7AA3C2D958C1E0079D24C /* CustomPhotosPicker.swift */,
				BDA7AA3E2D958C400079D24C /* PhotoGridItem.swift */,
				BD49245E2D9680D00094DC95 /* PhotosPickerView.swift */,
				BD4924602D9683350094DC95 /* PhotoPickerWrapper.swift */,
			);
			path = PhotosPicker;
			sourceTree = "<group>";
		};
		BDA7AA512D9623D30079D24C /* Extensions */ = {
			isa = PBXGroup;
			children = (
				BDA7AA522D9623F80079D24C /* UIApplication+Ext.swift */,
			);
			path = Extensions;
			sourceTree = "<group>";
		};
		BDA7AA8C2D96657E0079D24C /* ViewModels */ = {
			isa = PBXGroup;
			children = (
				BDA7AA8D2D9665D80079D24C /* KeyboardResponder.swift */,
			);
			path = ViewModels;
			sourceTree = "<group>";
		};
/* End PBXGroup section */

/* Begin PBXNativeTarget section */
		BDA7A97A2D949C3B0079D24C /* DesignAssignmentForHatch */ = {
			isa = PBXNativeTarget;
			buildConfigurationList = BDA7A99F2D949C3D0079D24C /* Build configuration list for PBXNativeTarget "DesignAssignmentForHatch" */;
			buildPhases = (
				BDA7A9772D949C3B0079D24C /* Sources */,
				BDA7A9782D949C3B0079D24C /* Frameworks */,
				BDA7A9792D949C3B0079D24C /* Resources */,
			);
			buildRules = (
			);
			dependencies = (
			);
			name = DesignAssignmentForHatch;
			packageProductDependencies = (
			);
			productName = DesignAssignmentForHatch;
			productReference = BDA7A97B2D949C3B0079D24C /* DesignAssignmentForHatch.app */;
			productType = "com.apple.product-type.application";
		};
		BDA7A98A2D949C3D0079D24C /* DesignAssignmentForHatchTests */ = {
			isa = PBXNativeTarget;
			buildConfigurationList = BDA7A9A22D949C3D0079D24C /* Build configuration list for PBXNativeTarget "DesignAssignmentForHatchTests" */;
			buildPhases = (
				BDA7A9872D949C3D0079D24C /* Sources */,
				BDA7A9882D949C3D0079D24C /* Frameworks */,
				BDA7A9892D949C3D0079D24C /* Resources */,
			);
			buildRules = (
			);
			dependencies = (
				BDA7A98D2D949C3D0079D24C /* PBXTargetDependency */,
			);
			fileSystemSynchronizedGroups = (
				BDA7A98E2D949C3D0079D24C /* DesignAssignmentForHatchTests */,
			);
			name = DesignAssignmentForHatchTests;
			packageProductDependencies = (
			);
			productName = DesignAssignmentForHatchTests;
			productReference = BDA7A98B2D949C3D0079D24C /* DesignAssignmentForHatchTests.xctest */;
			productType = "com.apple.product-type.bundle.unit-test";
		};
		BDA7A9942D949C3D0079D24C /* DesignAssignmentForHatchUITests */ = {
			isa = PBXNativeTarget;
			buildConfigurationList = BDA7A9A52D949C3D0079D24C /* Build configuration list for PBXNativeTarget "DesignAssignmentForHatchUITests" */;
			buildPhases = (
				BDA7A9912D949C3D0079D24C /* Sources */,
				BDA7A9922D949C3D0079D24C /* Frameworks */,
				BDA7A9932D949C3D0079D24C /* Resources */,
			);
			buildRules = (
			);
			dependencies = (
				BDA7A9972D949C3D0079D24C /* PBXTargetDependency */,
			);
			fileSystemSynchronizedGroups = (
				BDA7A9982D949C3D0079D24C /* DesignAssignmentForHatchUITests */,
			);
			name = DesignAssignmentForHatchUITests;
			packageProductDependencies = (
			);
			productName = DesignAssignmentForHatchUITests;
			productReference = BDA7A9952D949C3D0079D24C /* DesignAssignmentForHatchUITests.xctest */;
			productType = "com.apple.product-type.bundle.ui-testing";
		};
/* End PBXNativeTarget section */

/* Begin PBXProject section */
		BDA7A9732D949C3B0079D24C /* Project object */ = {
			isa = PBXProject;
			attributes = {
				BuildIndependentTargetsInParallel = 1;
				LastSwiftUpdateCheck = 1620;
				LastUpgradeCheck = 1620;
				TargetAttributes = {
					BDA7A97A2D949C3B0079D24C = {
						CreatedOnToolsVersion = 16.2;
					};
					BDA7A98A2D949C3D0079D24C = {
						CreatedOnToolsVersion = 16.2;
						TestTargetID = BDA7A97A2D949C3B0079D24C;
					};
					BDA7A9942D949C3D0079D24C = {
						CreatedOnToolsVersion = 16.2;
						TestTargetID = BDA7A97A2D949C3B0079D24C;
					};
				};
			};
			buildConfigurationList = BDA7A9762D949C3B0079D24C /* Build configuration list for PBXProject "DesignAssignmentForHatch" */;
			developmentRegion = en;
			hasScannedForEncodings = 0;
			knownRegions = (
				en,
				Base,
			);
			mainGroup = BDA7A9722D949C3B0079D24C;
			minimizedProjectReferenceProxies = 1;
			preferredProjectObjectVersion = 77;
			productRefGroup = BDA7A97C2D949C3B0079D24C /* Products */;
			projectDirPath = "";
			projectRoot = "";
			targets = (
				BDA7A97A2D949C3B0079D24C /* DesignAssignmentForHatch */,
				BDA7A98A2D949C3D0079D24C /* DesignAssignmentForHatchTests */,
				BDA7A9942D949C3D0079D24C /* DesignAssignmentForHatchUITests */,
			);
		};
/* End PBXProject section */

/* Begin PBXResourcesBuildPhase section */
		BDA7A9792D949C3B0079D24C /* Resources */ = {
			isa = PBXResourcesBuildPhase;
			buildActionMask = 2147483647;
			files = (
				BDA7A9B02D94C87F0079D24C /* Preview Assets.xcassets in Resources */,
				BDA7A9B12D94C87F0079D24C /* Assets.xcassets in Resources */,
			);
			runOnlyForDeploymentPostprocessing = 0;
		};
		BDA7A9892D949C3D0079D24C /* Resources */ = {
			isa = PBXResourcesBuildPhase;
			buildActionMask = 2147483647;
			files = (
			);
			runOnlyForDeploymentPostprocessing = 0;
		};
		BDA7A9932D949C3D0079D24C /* Resources */ = {
			isa = PBXResourcesBuildPhase;
			buildActionMask = 2147483647;
			files = (
			);
			runOnlyForDeploymentPostprocessing = 0;
		};
/* End PBXResourcesBuildPhase section */

/* Begin PBXSourcesBuildPhase section */
		BDA7A9772D949C3B0079D24C /* Sources */ = {
			isa = PBXSourcesBuildPhase;
			buildActionMask = 2147483647;
			files = (
				BDA7A9AE2D94C87F0079D24C /* ContentView.swift in Sources */,
				BDA7AA3D2D958C1E0079D24C /* CustomPhotosPicker.swift in Sources */,
				BDA7AA552D9638220079D24C /* InputSheet.swift in Sources */,
				BDA7AA532D9623F80079D24C /* UIApplication+Ext.swift in Sources */,
				BD4924612D9683350094DC95 /* PhotoPickerWrapper.swift in Sources */,
				BD4924762D9797DB0094DC95 /* KeyboardPlaceholderViewController.swift in Sources */,
				BDA7AA3F2D958C400079D24C /* PhotoGridItem.swift in Sources */,
				BDA7AA8E2D9665D80079D24C /* KeyboardResponder.swift in Sources */,
				BDA7A9AF2D94C87F0079D24C /* DesignAssignmentForHatchApp.swift in Sources */,
				BDA7AA382D9578650079D24C /* PhotoPicker.swift in Sources */,
				BDA7AA3B2D958C010079D24C /* PhotoLibraryViewModel.swift in Sources */,
				BDA7A9B42D94C89F0079D24C /* TextInputView.swift in Sources */,
				BDA7A9FE2D9533EA0079D24C /* ViewModel.swift in Sources */,
				BDA7A9B72D94EFA20079D24C /* WrappedUITextView.swift in Sources */,
				BD4924742D975B250094DC95 /* SelectedImagesViews.swift in Sources */,
				BD49245F2D9680D00094DC95 /* PhotosPickerView.swift in Sources */,
			);
			runOnlyForDeploymentPostprocessing = 0;
		};
		BDA7A9872D949C3D0079D24C /* Sources */ = {
			isa = PBXSourcesBuildPhase;
			buildActionMask = 2147483647;
			files = (
			);
			runOnlyForDeploymentPostprocessing = 0;
		};
		BDA7A9912D949C3D0079D24C /* Sources */ = {
			isa = PBXSourcesBuildPhase;
			buildActionMask = 2147483647;
			files = (
			);
			runOnlyForDeploymentPostprocessing = 0;
		};
/* End PBXSourcesBuildPhase section */

/* Begin PBXTargetDependency section */
		BDA7A98D2D949C3D0079D24C /* PBXTargetDependency */ = {
			isa = PBXTargetDependency;
			target = BDA7A97A2D949C3B0079D24C /* DesignAssignmentForHatch */;
			targetProxy = BDA7A98C2D949C3D0079D24C /* PBXContainerItemProxy */;
		};
		BDA7A9972D949C3D0079D24C /* PBXTargetDependency */ = {
			isa = PBXTargetDependency;
			target = BDA7A97A2D949C3B0079D24C /* DesignAssignmentForHatch */;
			targetProxy = BDA7A9962D949C3D0079D24C /* PBXContainerItemProxy */;
		};
/* End PBXTargetDependency section */

/* Begin XCBuildConfiguration section */
		BDA7A99D2D949C3D0079D24C /* Debug */ = {
			isa = XCBuildConfiguration;
			buildSettings = {
				ALWAYS_SEARCH_USER_PATHS = NO;
				ASSETCATALOG_COMPILER_GENERATE_SWIFT_ASSET_SYMBOL_EXTENSIONS = YES;
				CLANG_ANALYZER_NONNULL = YES;
				CLANG_ANALYZER_NUMBER_OBJECT_CONVERSION = YES_AGGRESSIVE;
				CLANG_CXX_LANGUAGE_STANDARD = "gnu++20";
				CLANG_ENABLE_MODULES = YES;
				CLANG_ENABLE_OBJC_ARC = YES;
				CLANG_ENABLE_OBJC_WEAK = YES;
				CLANG_WARN_BLOCK_CAPTURE_AUTORELEASING = YES;
				CLANG_WARN_BOOL_CONVERSION = YES;
				CLANG_WARN_COMMA = YES;
				CLANG_WARN_CONSTANT_CONVERSION = YES;
				CLANG_WARN_DEPRECATED_OBJC_IMPLEMENTATIONS = YES;
				CLANG_WARN_DIRECT_OBJC_ISA_USAGE = YES_ERROR;
				CLANG_WARN_DOCUMENTATION_COMMENTS = YES;
				CLANG_WARN_EMPTY_BODY = YES;
				CLANG_WARN_ENUM_CONVERSION = YES;
				CLANG_WARN_INFINITE_RECURSION = YES;
				CLANG_WARN_INT_CONVERSION = YES;
				CLANG_WARN_NON_LITERAL_NULL_CONVERSION = YES;
				CLANG_WARN_OBJC_IMPLICIT_RETAIN_SELF = YES;
				CLANG_WARN_OBJC_LITERAL_CONVERSION = YES;
				CLANG_WARN_OBJC_ROOT_CLASS = YES_ERROR;
				CLANG_WARN_QUOTED_INCLUDE_IN_FRAMEWORK_HEADER = YES;
				CLANG_WARN_RANGE_LOOP_ANALYSIS = YES;
				CLANG_WARN_STRICT_PROTOTYPES = YES;
				CLANG_WARN_SUSPICIOUS_MOVE = YES;
				CLANG_WARN_UNGUARDED_AVAILABILITY = YES_AGGRESSIVE;
				CLANG_WARN_UNREACHABLE_CODE = YES;
				CLANG_WARN__DUPLICATE_METHOD_MATCH = YES;
				COPY_PHASE_STRIP = NO;
				DEBUG_INFORMATION_FORMAT = dwarf;
				ENABLE_STRICT_OBJC_MSGSEND = YES;
				ENABLE_TESTABILITY = YES;
				ENABLE_USER_SCRIPT_SANDBOXING = YES;
				GCC_C_LANGUAGE_STANDARD = gnu17;
				GCC_DYNAMIC_NO_PIC = NO;
				GCC_NO_COMMON_BLOCKS = YES;
				GCC_OPTIMIZATION_LEVEL = 0;
				GCC_PREPROCESSOR_DEFINITIONS = (
					"DEBUG=1",
					"$(inherited)",
				);
				GCC_WARN_64_TO_32_BIT_CONVERSION = YES;
				GCC_WARN_ABOUT_RETURN_TYPE = YES_ERROR;
				GCC_WARN_UNDECLARED_SELECTOR = YES;
				GCC_WARN_UNINITIALIZED_AUTOS = YES_AGGRESSIVE;
				GCC_WARN_UNUSED_FUNCTION = YES;
				GCC_WARN_UNUSED_VARIABLE = YES;
				IPHONEOS_DEPLOYMENT_TARGET = 18.2;
				LOCALIZATION_PREFERS_STRING_CATALOGS = YES;
				MTL_ENABLE_DEBUG_INFO = INCLUDE_SOURCE;
				MTL_FAST_MATH = YES;
				ONLY_ACTIVE_ARCH = YES;
				SDKROOT = iphoneos;
				SWIFT_ACTIVE_COMPILATION_CONDITIONS = "DEBUG $(inherited)";
				SWIFT_OPTIMIZATION_LEVEL = "-Onone";
			};
			name = Debug;
		};
		BDA7A99E2D949C3D0079D24C /* Release */ = {
			isa = XCBuildConfiguration;
			buildSettings = {
				ALWAYS_SEARCH_USER_PATHS = NO;
				ASSETCATALOG_COMPILER_GENERATE_SWIFT_ASSET_SYMBOL_EXTENSIONS = YES;
				CLANG_ANALYZER_NONNULL = YES;
				CLANG_ANALYZER_NUMBER_OBJECT_CONVERSION = YES_AGGRESSIVE;
				CLANG_CXX_LANGUAGE_STANDARD = "gnu++20";
				CLANG_ENABLE_MODULES = YES;
				CLANG_ENABLE_OBJC_ARC = YES;
				CLANG_ENABLE_OBJC_WEAK = YES;
				CLANG_WARN_BLOCK_CAPTURE_AUTORELEASING = YES;
				CLANG_WARN_BOOL_CONVERSION = YES;
				CLANG_WARN_COMMA = YES;
				CLANG_WARN_CONSTANT_CONVERSION = YES;
				CLANG_WARN_DEPRECATED_OBJC_IMPLEMENTATIONS = YES;
				CLANG_WARN_DIRECT_OBJC_ISA_USAGE = YES_ERROR;
				CLANG_WARN_DOCUMENTATION_COMMENTS = YES;
				CLANG_WARN_EMPTY_BODY = YES;
				CLANG_WARN_ENUM_CONVERSION = YES;
				CLANG_WARN_INFINITE_RECURSION = YES;
				CLANG_WARN_INT_CONVERSION = YES;
				CLANG_WARN_NON_LITERAL_NULL_CONVERSION = YES;
				CLANG_WARN_OBJC_IMPLICIT_RETAIN_SELF = YES;
				CLANG_WARN_OBJC_LITERAL_CONVERSION = YES;
				CLANG_WARN_OBJC_ROOT_CLASS = YES_ERROR;
				CLANG_WARN_QUOTED_INCLUDE_IN_FRAMEWORK_HEADER = YES;
				CLANG_WARN_RANGE_LOOP_ANALYSIS = YES;
				CLANG_WARN_STRICT_PROTOTYPES = YES;
				CLANG_WARN_SUSPICIOUS_MOVE = YES;
				CLANG_WARN_UNGUARDED_AVAILABILITY = YES_AGGRESSIVE;
				CLANG_WARN_UNREACHABLE_CODE = YES;
				CLANG_WARN__DUPLICATE_METHOD_MATCH = YES;
				COPY_PHASE_STRIP = NO;
				DEBUG_INFORMATION_FORMAT = "dwarf-with-dsym";
				ENABLE_NS_ASSERTIONS = NO;
				ENABLE_STRICT_OBJC_MSGSEND = YES;
				ENABLE_USER_SCRIPT_SANDBOXING = YES;
				GCC_C_LANGUAGE_STANDARD = gnu17;
				GCC_NO_COMMON_BLOCKS = YES;
				GCC_WARN_64_TO_32_BIT_CONVERSION = YES;
				GCC_WARN_ABOUT_RETURN_TYPE = YES_ERROR;
				GCC_WARN_UNDECLARED_SELECTOR = YES;
				GCC_WARN_UNINITIALIZED_AUTOS = YES_AGGRESSIVE;
				GCC_WARN_UNUSED_FUNCTION = YES;
				GCC_WARN_UNUSED_VARIABLE = YES;
				IPHONEOS_DEPLOYMENT_TARGET = 18.2;
				LOCALIZATION_PREFERS_STRING_CATALOGS = YES;
				MTL_ENABLE_DEBUG_INFO = NO;
				MTL_FAST_MATH = YES;
				SDKROOT = iphoneos;
				SWIFT_COMPILATION_MODE = wholemodule;
				VALIDATE_PRODUCT = YES;
			};
			name = Release;
		};
		BDA7A9A02D949C3D0079D24C /* Debug */ = {
			isa = XCBuildConfiguration;
			buildSettings = {
				ASSETCATALOG_COMPILER_APPICON_NAME = AppIcon;
				ASSETCATALOG_COMPILER_GLOBAL_ACCENT_COLOR_NAME = AccentColor;
				CODE_SIGN_STYLE = Automatic;
				CURRENT_PROJECT_VERSION = 1;
				DEVELOPMENT_ASSET_PATHS = "\"DesignAssignmentForHatch/Preview Content\"";
				DEVELOPMENT_TEAM = 3HUH36T4NS;
				ENABLE_PREVIEWS = YES;
				GENERATE_INFOPLIST_FILE = YES;
				INFOPLIST_KEY_NSPhotoLibraryUsageDescription = "We Need Access Your Photo Library";
				INFOPLIST_KEY_UIApplicationSceneManifest_Generation = YES;
				INFOPLIST_KEY_UIApplicationSupportsIndirectInputEvents = YES;
				INFOPLIST_KEY_UILaunchScreen_Generation = YES;
				INFOPLIST_KEY_UISupportedInterfaceOrientations_iPad = "UIInterfaceOrientationPortrait UIInterfaceOrientationPortraitUpsideDown UIInterfaceOrientationLandscapeLeft UIInterfaceOrientationLandscapeRight";
				INFOPLIST_KEY_UISupportedInterfaceOrientations_iPhone = "UIInterfaceOrientationPortrait UIInterfaceOrientationLandscapeLeft UIInterfaceOrientationLandscapeRight";
				IPHONEOS_DEPLOYMENT_TARGET = 18.0;
				LD_RUNPATH_SEARCH_PATHS = (
					"$(inherited)",
					"@executable_path/Frameworks",
				);
				MARKETING_VERSION = 1.0;
				PRODUCT_BUNDLE_IDENTIFIER = "Zhenbo-Zhang.DesignAssignmentForHatch";
				PRODUCT_NAME = "$(TARGET_NAME)";
				SWIFT_EMIT_LOC_STRINGS = YES;
				SWIFT_VERSION = 5.0;
				TARGETED_DEVICE_FAMILY = "1,2";
			};
			name = Debug;
		};
		BDA7A9A12D949C3D0079D24C /* Release */ = {
			isa = XCBuildConfiguration;
			buildSettings = {
				ASSETCATALOG_COMPILER_APPICON_NAME = AppIcon;
				ASSETCATALOG_COMPILER_GLOBAL_ACCENT_COLOR_NAME = AccentColor;
				CODE_SIGN_STYLE = Automatic;
				CURRENT_PROJECT_VERSION = 1;
				DEVELOPMENT_ASSET_PATHS = "\"DesignAssignmentForHatch/Preview Content\"";
				DEVELOPMENT_TEAM = 3HUH36T4NS;
				ENABLE_PREVIEWS = YES;
				GENERATE_INFOPLIST_FILE = YES;
				INFOPLIST_KEY_NSPhotoLibraryUsageDescription = "We Need Access Your Photo Library";
				INFOPLIST_KEY_UIApplicationSceneManifest_Generation = YES;
				INFOPLIST_KEY_UIApplicationSupportsIndirectInputEvents = YES;
				INFOPLIST_KEY_UILaunchScreen_Generation = YES;
				INFOPLIST_KEY_UISupportedInterfaceOrientations_iPad = "UIInterfaceOrientationPortrait UIInterfaceOrientationPortraitUpsideDown UIInterfaceOrientationLandscapeLeft UIInterfaceOrientationLandscapeRight";
				INFOPLIST_KEY_UISupportedInterfaceOrientations_iPhone = "UIInterfaceOrientationPortrait UIInterfaceOrientationLandscapeLeft UIInterfaceOrientationLandscapeRight";
				IPHONEOS_DEPLOYMENT_TARGET = 18.0;
				LD_RUNPATH_SEARCH_PATHS = (
					"$(inherited)",
					"@executable_path/Frameworks",
				);
				MARKETING_VERSION = 1.0;
				PRODUCT_BUNDLE_IDENTIFIER = "Zhenbo-Zhang.DesignAssignmentForHatch";
				PRODUCT_NAME = "$(TARGET_NAME)";
				SWIFT_EMIT_LOC_STRINGS = YES;
				SWIFT_VERSION = 5.0;
				TARGETED_DEVICE_FAMILY = "1,2";
			};
			name = Release;
		};
		BDA7A9A32D949C3D0079D24C /* Debug */ = {
			isa = XCBuildConfiguration;
			buildSettings = {
				BUNDLE_LOADER = "$(TEST_HOST)";
				CODE_SIGN_STYLE = Automatic;
				CURRENT_PROJECT_VERSION = 1;
				DEVELOPMENT_TEAM = 3HUH36T4NS;
				GENERATE_INFOPLIST_FILE = YES;
				IPHONEOS_DEPLOYMENT_TARGET = 18.2;
				MARKETING_VERSION = 1.0;
				PRODUCT_BUNDLE_IDENTIFIER = "Zhenbo-Zhang.DesignAssignmentForHatchTests";
				PRODUCT_NAME = "$(TARGET_NAME)";
				SWIFT_EMIT_LOC_STRINGS = NO;
				SWIFT_VERSION = 5.0;
				TARGETED_DEVICE_FAMILY = "1,2";
				TEST_HOST = "$(BUILT_PRODUCTS_DIR)/DesignAssignmentForHatch.app/$(BUNDLE_EXECUTABLE_FOLDER_PATH)/DesignAssignmentForHatch";
			};
			name = Debug;
		};
		BDA7A9A42D949C3D0079D24C /* Release */ = {
			isa = XCBuildConfiguration;
			buildSettings = {
				BUNDLE_LOADER = "$(TEST_HOST)";
				CODE_SIGN_STYLE = Automatic;
				CURRENT_PROJECT_VERSION = 1;
				DEVELOPMENT_TEAM = 3HUH36T4NS;
				GENERATE_INFOPLIST_FILE = YES;
				IPHONEOS_DEPLOYMENT_TARGET = 18.2;
				MARKETING_VERSION = 1.0;
				PRODUCT_BUNDLE_IDENTIFIER = "Zhenbo-Zhang.DesignAssignmentForHatchTests";
				PRODUCT_NAME = "$(TARGET_NAME)";
				SWIFT_EMIT_LOC_STRINGS = NO;
				SWIFT_VERSION = 5.0;
				TARGETED_DEVICE_FAMILY = "1,2";
				TEST_HOST = "$(BUILT_PRODUCTS_DIR)/DesignAssignmentForHatch.app/$(BUNDLE_EXECUTABLE_FOLDER_PATH)/DesignAssignmentForHatch";
			};
			name = Release;
		};
		BDA7A9A62D949C3D0079D24C /* Debug */ = {
			isa = XCBuildConfiguration;
			buildSettings = {
				CODE_SIGN_STYLE = Automatic;
				CURRENT_PROJECT_VERSION = 1;
				DEVELOPMENT_TEAM = 3HUH36T4NS;
				GENERATE_INFOPLIST_FILE = YES;
				MARKETING_VERSION = 1.0;
				PRODUCT_BUNDLE_IDENTIFIER = "Zhenbo-Zhang.DesignAssignmentForHatchUITests";
				PRODUCT_NAME = "$(TARGET_NAME)";
				SWIFT_EMIT_LOC_STRINGS = NO;
				SWIFT_VERSION = 5.0;
				TARGETED_DEVICE_FAMILY = "1,2";
				TEST_TARGET_NAME = DesignAssignmentForHatch;
			};
			name = Debug;
		};
		BDA7A9A72D949C3D0079D24C /* Release */ = {
			isa = XCBuildConfiguration;
			buildSettings = {
				CODE_SIGN_STYLE = Automatic;
				CURRENT_PROJECT_VERSION = 1;
				DEVELOPMENT_TEAM = 3HUH36T4NS;
				GENERATE_INFOPLIST_FILE = YES;
				MARKETING_VERSION = 1.0;
				PRODUCT_BUNDLE_IDENTIFIER = "Zhenbo-Zhang.DesignAssignmentForHatchUITests";
				PRODUCT_NAME = "$(TARGET_NAME)";
				SWIFT_EMIT_LOC_STRINGS = NO;
				SWIFT_VERSION = 5.0;
				TARGETED_DEVICE_FAMILY = "1,2";
				TEST_TARGET_NAME = DesignAssignmentForHatch;
			};
			name = Release;
		};
/* End XCBuildConfiguration section */

/* Begin XCConfigurationList section */
		BDA7A9762D949C3B0079D24C /* Build configuration list for PBXProject "DesignAssignmentForHatch" */ = {
			isa = XCConfigurationList;
			buildConfigurations = (
				BDA7A99D2D949C3D0079D24C /* Debug */,
				BDA7A99E2D949C3D0079D24C /* Release */,
			);
			defaultConfigurationIsVisible = 0;
			defaultConfigurationName = Release;
		};
		BDA7A99F2D949C3D0079D24C /* Build configuration list for PBXNativeTarget "DesignAssignmentForHatch" */ = {
			isa = XCConfigurationList;
			buildConfigurations = (
				BDA7A9A02D949C3D0079D24C /* Debug */,
				BDA7A9A12D949C3D0079D24C /* Release */,
			);
			defaultConfigurationIsVisible = 0;
			defaultConfigurationName = Release;
		};
		BDA7A9A22D949C3D0079D24C /* Build configuration list for PBXNativeTarget "DesignAssignmentForHatchTests" */ = {
			isa = XCConfigurationList;
			buildConfigurations = (
				BDA7A9A32D949C3D0079D24C /* Debug */,
				BDA7A9A42D949C3D0079D24C /* Release */,
			);
			defaultConfigurationIsVisible = 0;
			defaultConfigurationName = Release;
		};
		BDA7A9A52D949C3D0079D24C /* Build configuration list for PBXNativeTarget "DesignAssignmentForHatchUITests" */ = {
			isa = XCConfigurationList;
			buildConfigurations = (
				BDA7A9A62D949C3D0079D24C /* Debug */,
				BDA7A9A72D949C3D0079D24C /* Release */,
			);
			defaultConfigurationIsVisible = 0;
			defaultConfigurationName = Release;
		};
/* End XCConfigurationList section */
	};
	rootObject = BDA7A9732D949C3B0079D24C /* Project object */;
}
